// !$*UTF8*$!
{
	archiveVersion = 1;
	classes = {
	};
	objectVersion = 56;
	objects = {

/* Begin PBXBuildFile section */
		7138231E2979F6A70017E911 /* GesturesAppApp.swift in Sources */ = {isa = PBXBuildFile; fileRef = 7138231D2979F6A70017E911 /* GesturesAppApp.swift */; };
		713823202979F6A70017E911 /* ContentView.swift in Sources */ = {isa = PBXBuildFile; fileRef = 7138231F2979F6A70017E911 /* ContentView.swift */; };
		713823222979F6AA0017E911 /* Assets.xcassets in Resources */ = {isa = PBXBuildFile; fileRef = 713823212979F6AA0017E911 /* Assets.xcassets */; };
		713823252979F6AA0017E911 /* Preview Assets.xcassets in Resources */ = {isa = PBXBuildFile; fileRef = 713823242979F6AA0017E911 /* Preview Assets.xcassets */; };
		7138232C297A17630017E911 /* GestureOptionsView.swift in Sources */ = {isa = PBXBuildFile; fileRef = 7138232B297A17630017E911 /* GestureOptionsView.swift */; };
		71382330297A17CF0017E911 /* Title.swift in Sources */ = {isa = PBXBuildFile; fileRef = 7138232F297A17CF0017E911 /* Title.swift */; };
		71382332297A1CA10017E911 /* CrossButtonsView.swift in Sources */ = {isa = PBXBuildFile; fileRef = 71382331297A1CA10017E911 /* CrossButtonsView.swift */; };
		71382334297B2AAB0017E911 /* TestPathCurve.swift in Sources */ = {isa = PBXBuildFile; fileRef = 71382333297B2AAB0017E911 /* TestPathCurve.swift */; };
		714835D5297F7B5E0045213A /* WrapperView.swift in Sources */ = {isa = PBXBuildFile; fileRef = 714835D4297F7B5E0045213A /* WrapperView.swift */; };
		71E0B70D298B37FE00AC278E /* SlideButtonsView.swift in Sources */ = {isa = PBXBuildFile; fileRef = 71E0B70C298B37FE00AC278E /* SlideButtonsView.swift */; };
/* End PBXBuildFile section */

/* Begin PBXFileReference section */
		7138231A2979F6A70017E911 /* GesturesApp.app */ = {isa = PBXFileReference; explicitFileType = wrapper.application; includeInIndex = 0; path = GesturesApp.app; sourceTree = BUILT_PRODUCTS_DIR; };
		7138231D2979F6A70017E911 /* GesturesAppApp.swift */ = {isa = PBXFileReference; lastKnownFileType = sourcecode.swift; path = GesturesAppApp.swift; sourceTree = "<group>"; };
		7138231F2979F6A70017E911 /* ContentView.swift */ = {isa = PBXFileReference; lastKnownFileType = sourcecode.swift; path = ContentView.swift; sourceTree = "<group>"; };
		713823212979F6AA0017E911 /* Assets.xcassets */ = {isa = PBXFileReference; lastKnownFileType = folder.assetcatalog; path = Assets.xcassets; sourceTree = "<group>"; };
		713823242979F6AA0017E911 /* Preview Assets.xcassets */ = {isa = PBXFileReference; lastKnownFileType = folder.assetcatalog; path = "Preview Assets.xcassets"; sourceTree = "<group>"; };
		7138232B297A17630017E911 /* GestureOptionsView.swift */ = {isa = PBXFileReference; lastKnownFileType = sourcecode.swift; path = GestureOptionsView.swift; sourceTree = "<group>"; };
		7138232F297A17CF0017E911 /* Title.swift */ = {isa = PBXFileReference; lastKnownFileType = sourcecode.swift; path = Title.swift; sourceTree = "<group>"; };
		71382331297A1CA10017E911 /* CrossButtonsView.swift */ = {isa = PBXFileReference; lastKnownFileType = sourcecode.swift; path = CrossButtonsView.swift; sourceTree = "<group>"; };
		71382333297B2AAB0017E911 /* TestPathCurve.swift */ = {isa = PBXFileReference; lastKnownFileType = sourcecode.swift; path = TestPathCurve.swift; sourceTree = "<group>"; };
		714835D4297F7B5E0045213A /* WrapperView.swift */ = {isa = PBXFileReference; lastKnownFileType = sourcecode.swift; path = WrapperView.swift; sourceTree = "<group>"; };
		71E0B70C298B37FE00AC278E /* SlideButtonsView.swift */ = {isa = PBXFileReference; lastKnownFileType = sourcecode.swift; path = SlideButtonsView.swift; sourceTree = "<group>"; };
/* End PBXFileReference section */

/* Begin PBXFrameworksBuildPhase section */
		713823172979F6A70017E911 /* Frameworks */ = {
			isa = PBXFrameworksBuildPhase;
			buildActionMask = 2147483647;
			files = (
			);
			runOnlyForDeploymentPostprocessing = 0;
		};
/* End PBXFrameworksBuildPhase section */

/* Begin PBXGroup section */
		713823112979F6A70017E911 = {
			isa = PBXGroup;
			children = (
				7138231C2979F6A70017E911 /* GesturesApp */,
				7138231B2979F6A70017E911 /* Products */,
			);
			sourceTree = "<group>";
		};
		7138231B2979F6A70017E911 /* Products */ = {
			isa = PBXGroup;
			children = (
				7138231A2979F6A70017E911 /* GesturesApp.app */,
			);
			name = Products;
			sourceTree = "<group>";
		};
		7138231C2979F6A70017E911 /* GesturesApp */ = {
			isa = PBXGroup;
			children = (
				7138232E297A17A20017E911 /* Components */,
				7138232D297A17960017E911 /* Views */,
				7138231D2979F6A70017E911 /* GesturesAppApp.swift */,
				713823212979F6AA0017E911 /* Assets.xcassets */,
				713823232979F6AA0017E911 /* Preview Content */,
			);
			path = GesturesApp;
			sourceTree = "<group>";
		};
		713823232979F6AA0017E911 /* Preview Content */ = {
			isa = PBXGroup;
			children = (
				713823242979F6AA0017E911 /* Preview Assets.xcassets */,
			);
			path = "Preview Content";
			sourceTree = "<group>";
		};
		7138232D297A17960017E911 /* Views */ = {
			isa = PBXGroup;
			children = (
				71382333297B2AAB0017E911 /* TestPathCurve.swift */,
				7138232B297A17630017E911 /* GestureOptionsView.swift */,
				7138231F2979F6A70017E911 /* ContentView.swift */,
				71382331297A1CA10017E911 /* CrossButtonsView.swift */,
				714835D4297F7B5E0045213A /* WrapperView.swift */,
				71E0B70C298B37FE00AC278E /* SlideButtonsView.swift */,
			);
			path = Views;
			sourceTree = "<group>";
		};
		7138232E297A17A20017E911 /* Components */ = {
			isa = PBXGroup;
			children = (
				7138232F297A17CF0017E911 /* Title.swift */,
			);
			path = Components;
			sourceTree = "<group>";
		};
/* End PBXGroup section */

/* Begin PBXNativeTarget section */
		713823192979F6A70017E911 /* GesturesApp */ = {
			isa = PBXNativeTarget;
			buildConfigurationList = 713823282979F6AA0017E911 /* Build configuration list for PBXNativeTarget "GesturesApp" */;
			buildPhases = (
				713823162979F6A70017E911 /* Sources */,
				713823172979F6A70017E911 /* Frameworks */,
				713823182979F6A70017E911 /* Resources */,
			);
			buildRules = (
			);
			dependencies = (
			);
			name = GesturesApp;
			productName = GesturesApp;
			productReference = 7138231A2979F6A70017E911 /* GesturesApp.app */;
			productType = "com.apple.product-type.application";
		};
/* End PBXNativeTarget section */

/* Begin PBXProject section */
		713823122979F6A70017E911 /* Project object */ = {
			isa = PBXProject;
			attributes = {
				BuildIndependentTargetsInParallel = 1;
				LastSwiftUpdateCheck = 1420;
				LastUpgradeCheck = 1420;
				TargetAttributes = {
					713823192979F6A70017E911 = {
						CreatedOnToolsVersion = 14.2;
					};
				};
			};
			buildConfigurationList = 713823152979F6A70017E911 /* Build configuration list for PBXProject "GesturesApp" */;
			compatibilityVersion = "Xcode 14.0";
			developmentRegion = en;
			hasScannedForEncodings = 0;
			knownRegions = (
				en,
				Base,
			);
			mainGroup = 713823112979F6A70017E911;
			productRefGroup = 7138231B2979F6A70017E911 /* Products */;
			projectDirPath = "";
			projectRoot = "";
			targets = (
				713823192979F6A70017E911 /* GesturesApp */,
			);
		};
/* End PBXProject section */

/* Begin PBXResourcesBuildPhase section */
		713823182979F6A70017E911 /* Resources */ = {
			isa = PBXResourcesBuildPhase;
			buildActionMask = 2147483647;
			files = (
				713823252979F6AA0017E911 /* Preview Assets.xcassets in Resources */,
				713823222979F6AA0017E911 /* Assets.xcassets in Resources */,
			);
			runOnlyForDeploymentPostprocessing = 0;
		};
/* End PBXResourcesBuildPhase section */

/* Begin PBXSourcesBuildPhase section */
		713823162979F6A70017E911 /* Sources */ = {
			isa = PBXSourcesBuildPhase;
			buildActionMask = 2147483647;
			files = (
				71382330297A17CF0017E911 /* Title.swift in Sources */,
				713823202979F6A70017E911 /* ContentView.swift in Sources */,
				71382334297B2AAB0017E911 /* TestPathCurve.swift in Sources */,
				7138232C297A17630017E911 /* GestureOptionsView.swift in Sources */,
				7138231E2979F6A70017E911 /* GesturesAppApp.swift in Sources */,
				714835D5297F7B5E0045213A /* WrapperView.swift in Sources */,
				71382332297A1CA10017E911 /* CrossButtonsView.swift in Sources */,
				71E0B70D298B37FE00AC278E /* SlideButtonsView.swift in Sources */,
			);
			runOnlyForDeploymentPostprocessing = 0;
		};
/* End PBXSourcesBuildPhase section */

/* Begin XCBuildConfiguration section */
		713823262979F6AA0017E911 /* Debug */ = {
			isa = XCBuildConfiguration;
			buildSettings = {
				ALWAYS_SEARCH_USER_PATHS = NO;
				CLANG_ANALYZER_NONNULL = YES;
				CLANG_ANALYZER_NUMBER_OBJECT_CONVERSION = YES_AGGRESSIVE;
				CLANG_CXX_LANGUAGE_STANDARD = "gnu++20";
				CLANG_ENABLE_MODULES = YES;
				CLANG_ENABLE_OBJC_ARC = YES;
				CLANG_ENABLE_OBJC_WEAK = YES;
				CLANG_WARN_BLOCK_CAPTURE_AUTORELEASING = YES;
				CLANG_WARN_BOOL_CONVERSION = YES;
				CLANG_WARN_COMMA = YES;
				CLANG_WARN_CONSTANT_CONVERSION = YES;
				CLANG_WARN_DEPRECATED_OBJC_IMPLEMENTATIONS = YES;
				CLANG_WARN_DIRECT_OBJC_ISA_USAGE = YES_ERROR;
				CLANG_WARN_DOCUMENTATION_COMMENTS = YES;
				CLANG_WARN_EMPTY_BODY = YES;
				CLANG_WARN_ENUM_CONVERSION = YES;
				CLANG_WARN_INFINITE_RECURSION = YES;
				CLANG_WARN_INT_CONVERSION = YES;
				CLANG_WARN_NON_LITERAL_NULL_CONVERSION = YES;
				CLANG_WARN_OBJC_IMPLICIT_RETAIN_SELF = YES;
				CLANG_WARN_OBJC_LITERAL_CONVERSION = YES;
				CLANG_WARN_OBJC_ROOT_CLASS = YES_ERROR;
				CLANG_WARN_QUOTED_INCLUDE_IN_FRAMEWORK_HEADER = YES;
				CLANG_WARN_RANGE_LOOP_ANALYSIS = YES;
				CLANG_WARN_STRICT_PROTOTYPES = YES;
				CLANG_WARN_SUSPICIOUS_MOVE = YES;
				CLANG_WARN_UNGUARDED_AVAILABILITY = YES_AGGRESSIVE;
				CLANG_WARN_UNREACHABLE_CODE = YES;
				CLANG_WARN__DUPLICATE_METHOD_MATCH = YES;
				COPY_PHASE_STRIP = NO;
				DEBUG_INFORMATION_FORMAT = dwarf;
				ENABLE_STRICT_OBJC_MSGSEND = YES;
				ENABLE_TESTABILITY = YES;
				GCC_C_LANGUAGE_STANDARD = gnu11;
				GCC_DYNAMIC_NO_PIC = NO;
				GCC_NO_COMMON_BLOCKS = YES;
				GCC_OPTIMIZATION_LEVEL = 0;
				GCC_PREPROCESSOR_DEFINITIONS = (
					"DEBUG=1",
					"$(inherited)",
				);
				GCC_WARN_64_TO_32_BIT_CONVERSION = YES;
				GCC_WARN_ABOUT_RETURN_TYPE = YES_ERROR;
				GCC_WARN_UNDECLARED_SELECTOR = YES;
				GCC_WARN_UNINITIALIZED_AUTOS = YES_AGGRESSIVE;
				GCC_WARN_UNUSED_FUNCTION = YES;
				GCC_WARN_UNUSED_VARIABLE = YES;
				IPHONEOS_DEPLOYMENT_TARGET = 16.2;
				MTL_ENABLE_DEBUG_INFO = INCLUDE_SOURCE;
				MTL_FAST_MATH = YES;
				ONLY_ACTIVE_ARCH = YES;
				SDKROOT = iphoneos;
				SWIFT_ACTIVE_COMPILATION_CONDITIONS = DEBUG;
				SWIFT_OPTIMIZATION_LEVEL = "-Onone";
			};
			name = Debug;
		};
		713823272979F6AA0017E911 /* Release */ = {
			isa = XCBuildConfiguration;
			buildSettings = {
				ALWAYS_SEARCH_USER_PATHS = NO;
				CLANG_ANALYZER_NONNULL = YES;
				CLANG_ANALYZER_NUMBER_OBJECT_CONVERSION = YES_AGGRESSIVE;
				CLANG_CXX_LANGUAGE_STANDARD = "gnu++20";
				CLANG_ENABLE_MODULES = YES;
				CLANG_ENABLE_OBJC_ARC = YES;
				CLANG_ENABLE_OBJC_WEAK = YES;
				CLANG_WARN_BLOCK_CAPTURE_AUTORELEASING = YES;
				CLANG_WARN_BOOL_CONVERSION = YES;
				CLANG_WARN_COMMA = YES;
				CLANG_WARN_CONSTANT_CONVERSION = YES;
				CLANG_WARN_DEPRECATED_OBJC_IMPLEMENTATIONS = YES;
				CLANG_WARN_DIRECT_OBJC_ISA_USAGE = YES_ERROR;
				CLANG_WARN_DOCUMENTATION_COMMENTS = YES;
				CLANG_WARN_EMPTY_BODY = YES;
				CLANG_WARN_ENUM_CONVERSION = YES;
				CLANG_WARN_INFINITE_RECURSION = YES;
				CLANG_WARN_INT_CONVERSION = YES;
				CLANG_WARN_NON_LITERAL_NULL_CONVERSION = YES;
				CLANG_WARN_OBJC_IMPLICIT_RETAIN_SELF = YES;
				CLANG_WARN_OBJC_LITERAL_CONVERSION = YES;
				CLANG_WARN_OBJC_ROOT_CLASS = YES_ERROR;
				CLANG_WARN_QUOTED_INCLUDE_IN_FRAMEWORK_HEADER = YES;
				CLANG_WARN_RANGE_LOOP_ANALYSIS = YES;
				CLANG_WARN_STRICT_PROTOTYPES = YES;
				CLANG_WARN_SUSPICIOUS_MOVE = YES;
				CLANG_WARN_UNGUARDED_AVAILABILITY = YES_AGGRESSIVE;
				CLANG_WARN_UNREACHABLE_CODE = YES;
				CLANG_WARN__DUPLICATE_METHOD_MATCH = YES;
				COPY_PHASE_STRIP = NO;
				DEBUG_INFORMATION_FORMAT = "dwarf-with-dsym";
				ENABLE_NS_ASSERTIONS = NO;
				ENABLE_STRICT_OBJC_MSGSEND = YES;
				GCC_C_LANGUAGE_STANDARD = gnu11;
				GCC_NO_COMMON_BLOCKS = YES;
				GCC_WARN_64_TO_32_BIT_CONVERSION = YES;
				GCC_WARN_ABOUT_RETURN_TYPE = YES_ERROR;
				GCC_WARN_UNDECLARED_SELECTOR = YES;
				GCC_WARN_UNINITIALIZED_AUTOS = YES_AGGRESSIVE;
				GCC_WARN_UNUSED_FUNCTION = YES;
				GCC_WARN_UNUSED_VARIABLE = YES;
				IPHONEOS_DEPLOYMENT_TARGET = 16.2;
				MTL_ENABLE_DEBUG_INFO = NO;
				MTL_FAST_MATH = YES;
				SDKROOT = iphoneos;
				SWIFT_COMPILATION_MODE = wholemodule;
				SWIFT_OPTIMIZATION_LEVEL = "-O";
				VALIDATE_PRODUCT = YES;
			};
			name = Release;
		};
		713823292979F6AA0017E911 /* Debug */ = {
			isa = XCBuildConfiguration;
			buildSettings = {
				ASSETCATALOG_COMPILER_APPICON_NAME = AppIcon;
				ASSETCATALOG_COMPILER_GLOBAL_ACCENT_COLOR_NAME = AccentColor;
				CODE_SIGN_STYLE = Automatic;
				CURRENT_PROJECT_VERSION = 1;
				DEVELOPMENT_ASSET_PATHS = "\"GesturesApp/Preview Content\"";
				DEVELOPMENT_TEAM = PB5KXTJ93P;
				ENABLE_PREVIEWS = YES;
				GENERATE_INFOPLIST_FILE = YES;
				INFOPLIST_KEY_UIApplicationSceneManifest_Generation = YES;
				INFOPLIST_KEY_UIApplicationSupportsIndirectInputEvents = YES;
				INFOPLIST_KEY_UILaunchScreen_Generation = YES;
				INFOPLIST_KEY_UISupportedInterfaceOrientations_iPad = "UIInterfaceOrientationPortrait UIInterfaceOrientationPortraitUpsideDown UIInterfaceOrientationLandscapeLeft UIInterfaceOrientationLandscapeRight";
				INFOPLIST_KEY_UISupportedInterfaceOrientations_iPhone = "UIInterfaceOrientationPortrait UIInterfaceOrientationLandscapeLeft UIInterfaceOrientationLandscapeRight";
				LD_RUNPATH_SEARCH_PATHS = (
					"$(inherited)",
					"@executable_path/Frameworks",
				);
				MARKETING_VERSION = 1.0;
				PRODUCT_BUNDLE_IDENTIFIER = com.github.gauchewy.GesturesApp;
				PRODUCT_NAME = "$(TARGET_NAME)";
				SWIFT_EMIT_LOC_STRINGS = YES;
				SWIFT_VERSION = 5.0;
				TARGETED_DEVICE_FAMILY = "1,2";
			};
			name = Debug;
		};
		7138232A2979F6AA0017E911 /* Release */ = {
			isa = XCBuildConfiguration;
			buildSettings = {
				ASSETCATALOG_COMPILER_APPICON_NAME = AppIcon;
				ASSETCATALOG_COMPILER_GLOBAL_ACCENT_COLOR_NAME = AccentColor;
				CODE_SIGN_STYLE = Automatic;
				CURRENT_PROJECT_VERSION = 1;
				DEVELOPMENT_ASSET_PATHS = "\"GesturesApp/Preview Content\"";
				DEVELOPMENT_TEAM = PB5KXTJ93P;
				ENABLE_PREVIEWS = YES;
				GENERATE_INFOPLIST_FILE = YES;
				INFOPLIST_KEY_UIApplicationSceneManifest_Generation = YES;
				INFOPLIST_KEY_UIApplicationSupportsIndirectInputEvents = YES;
				INFOPLIST_KEY_UILaunchScreen_Generation = YES;
				INFOPLIST_KEY_UISupportedInterfaceOrientations_iPad = "UIInterfaceOrientationPortrait UIInterfaceOrientationPortraitUpsideDown UIInterfaceOrientationLandscapeLeft UIInterfaceOrientationLandscapeRight";
				INFOPLIST_KEY_UISupportedInterfaceOrientations_iPhone = "UIInterfaceOrientationPortrait UIInterfaceOrientationLandscapeLeft UIInterfaceOrientationLandscapeRight";
				LD_RUNPATH_SEARCH_PATHS = (
					"$(inherited)",
					"@executable_path/Frameworks",
				);
				MARKETING_VERSION = 1.0;
				PRODUCT_BUNDLE_IDENTIFIER = com.github.gauchewy.GesturesApp;
				PRODUCT_NAME = "$(TARGET_NAME)";
				SWIFT_EMIT_LOC_STRINGS = YES;
				SWIFT_VERSION = 5.0;
				TARGETED_DEVICE_FAMILY = "1,2";
			};
			name = Release;
		};
/* End XCBuildConfiguration section */

/* Begin XCConfigurationList section */
		713823152979F6A70017E911 /* Build configuration list for PBXProject "GesturesApp" */ = {
			isa = XCConfigurationList;
			buildConfigurations = (
				713823262979F6AA0017E911 /* Debug */,
				713823272979F6AA0017E911 /* Release */,
			);
			defaultConfigurationIsVisible = 0;
			defaultConfigurationName = Release;
		};
		713823282979F6AA0017E911 /* Build configuration list for PBXNativeTarget "GesturesApp" */ = {
			isa = XCConfigurationList;
			buildConfigurations = (
				713823292979F6AA0017E911 /* Debug */,
				7138232A2979F6AA0017E911 /* Release */,
			);
			defaultConfigurationIsVisible = 0;
			defaultConfigurationName = Release;
		};
/* End XCConfigurationList section */
	};
	rootObject = 713823122979F6A70017E911 /* Project object */;
}
